{
  "nodes": {
    "flake-utils": {
      "inputs": {
        "systems": [
          "systems"
        ]
      },
      "locked": {
        "lastModified": 1731533236,
        "narHash": "sha256-l0KFg5HjrsfsO/JpG+r7fRrqm12kzFHyUHqHCVpMMbI=",
        "path": "/nix/store/01x5k4nlxcpyd85nnr0b9gm89rm8ff4x-source",
        "rev": "11707dc2f618dd54ca8739b309ec4fc024de578b",
        "type": "path"
      },
      "original": {
        "id": "flake-utils",
        "type": "indirect"
      }
    },
    "nixpkgs": {
      "locked": {
        "lastModified": 1779971959,
        "narHash": "sha256-R5nauXyqyfRUFiZycFFZdkF7wl6eaUpPLst35+2nJQY=",
        "owner": "NixOS",
        "repo": "nixpkgs",
        "rev": "ec942ba042dad5ef097e2ef3a3effc034241f011",
        "type": "github"
      },
      "original": {
        "owner": "NixOS",
        "ref": "nixos-26.05",
        "repo": "nixpkgs",
        "type": "github"
      }
    },
    "piped-backend-src": {
      "flake": false,
      "locked": {
        "lastModified": 1780095811,
        "narHash": "sha256-d8lkmZmARLgIJX88sWh5KS+ntxx2iBx15zB1sbC4OIA=",
        "owner": "TeamPiped",
        "repo": "piped-backend",
        "rev": "6d0ad0698947ad3b4da72ec89d277c2f9a8ec187",
        "type": "github"
      },
      "original": {
        "owner": "TeamPiped",
        "repo": "piped-backend",
        "type": "github"
      }
    },
    "piped-frontend-src": {
      "flake": false,
      "locked": {
        "lastModified": 1777911162,
        "narHash": "sha256-mZ0ooD4rMrQ6lxzCYKO+f9VSMR1Z2XhOYzUOqI21LSg=",
        "owner": "TeamPiped",
        "repo": "Piped",
        "rev": "da7ab357b4a75a4eaff068287f1563edd73ab862",
        "type": "github"
      },
      "original": {
        "owner": "TeamPiped",
        "repo": "Piped",
        "type": "github"
      }
    },
    "piped-proxy-src": {
      "flake": false,
      "locked": {
        "lastModified": 1779742926,
        "narHash": "sha256-9g6wDLujaZhOdmvzWVSRWfJuJuVqOYMWC7mPlJ1/POM=",
        "owner": "TeamPiped",
        "repo": "piped-proxy",
        "rev": "e8955bb37ec2c267e4601267d90c425ef93f7367",
        "type": "github"
      },
      "original": {
        "owner": "TeamPiped",
        "repo": "piped-proxy",
        "type": "github"
      }
    },
    "root": {
      "inputs": {
        "flake-utils": "flake-utils",
        "nixpkgs": "nixpkgs",
        "piped-backend-src": "piped-backend-src",
        "piped-frontend-src": "piped-frontend-src",
        "piped-proxy-src": "piped-proxy-src",
        "systems": "systems"
      }
    },
    "systems": {
      "locked": {
        "lastModified": 1689347949,
        "narHash": "sha256-12tWmuL2zgBgZkdoB6qXZsgJEH9LR3oUgpaQq2RbI80=",
        "owner": "nix-systems",
        "repo": "default-linux",
        "rev": "31732fcf5e8fea42e59c2488ad31a0e651500f68",
        "type": "github"
      },
      "original": {
        "owner": "nix-systems",
        "repo": "default-linux",
        "type": "github"
      }
    }
  },
  "root": "root",
  "version": 7
}
